
Microsoft Visual Studio Solution File, Format Version 12.00
# Visual Studio Version 17
VisualStudioVersion = 17.3.32929.385
MinimumVisualStudioVersion = 10.0.40219.1
Project("{FAE04EC0-301F-11D3-BF4B-00C04F79EFBC}") = "Forms", "Forms.csproj", "{672794B4-3C53-4D19-96EF-D0DCC2772B97}"
EndProject
Project("{FAE04EC0-301F-11D3-BF4B-00C04F79EFBC}") = "ConnDB", "..\connDB\ConnDB.csproj", "{460D91C1-1678-4076-82AF-104CB4FFF67B}"
EndProject
Project("{FAE04EC0-301F-11D3-BF4B-00C04F79EFBC}") = "Wallets", "..\Wallets\Wallets.csproj", "{8A23DA54-644F-4B6B-AC0A-D7A2FF0A5EBE}"
EndProject
Project("{FAE04EC0-301F-11D3-BF4B-00C04F79EFBC}") = "DTO", "..\DTO\DTO.csproj", "{81640137-C4D9-410C-BC02-BB1A3B84EE9F}"
EndProject
Project("{FAE04EC0-301F-11D3-BF4B-00C04F79EFBC}") = "Users", "..\Users\Users.csproj", "{87E64EEA-A40E-45A4-821D-BAEEF604FD84}"
EndProject
Global
	GlobalSection(SolutionConfigurationPlatforms) = preSolution
		Debug|Any CPU = Debug|Any CPU
		Release|Any CPU = Release|Any CPU
	EndGlobalSection
	GlobalSection(ProjectConfigurationPlatforms) = postSolution
		{672794B4-3C53-4D19-96EF-D0DCC2772B97}.Debug|Any CPU.ActiveCfg = Debug|Any CPU
		{672794B4-3C53-4D19-96EF-D0DCC2772B97}.Debug|Any CPU.Build.0 = Debug|Any CPU
		{672794B4-3C53-4D19-96EF-D0DCC2772B97}.Release|Any CPU.ActiveCfg = Release|Any CPU
		{672794B4-3C53-4D19-96EF-D0DCC2772B97}.Release|Any CPU.Build.0 = Release|Any CPU
		{460D91C1-1678-4076-82AF-104CB4FFF67B}.Debug|Any CPU.ActiveCfg = Debug|Any CPU
		{460D91C1-1678-4076-82AF-104CB4FFF67B}.Debug|Any CPU.Build.0 = Debug|Any CPU
		{460D91C1-1678-4076-82AF-104CB4FFF67B}.Release|Any CPU.ActiveCfg = Release|Any CPU
		{460D91C1-1678-4076-82AF-104CB4FFF67B}.Release|Any CPU.Build.0 = Release|Any CPU
		{8A23DA54-644F-4B6B-AC0A-D7A2FF0A5EBE}.Debug|Any CPU.ActiveCfg = Debug|Any CPU
		{8A23DA54-644F-4B6B-AC0A-D7A2FF0A5EBE}.Debug|Any CPU.Build.0 = Debug|Any CPU
		{8A23DA54-644F-4B6B-AC0A-D7A2FF0A5EBE}.Release|Any CPU.ActiveCfg = Release|Any CPU
		{8A23DA54-644F-4B6B-AC0A-D7A2FF0A5EBE}.Release|Any CPU.Build.0 = Release|Any CPU
		{81640137-C4D9-410C-BC02-BB1A3B84EE9F}.Debug|Any CPU.ActiveCfg = Debug|Any CPU
		{81640137-C4D9-410C-BC02-BB1A3B84EE9F}.Debug|Any CPU.Build.0 = Debug|Any CPU
		{81640137-C4D9-410C-BC02-BB1A3B84EE9F}.Release|Any CPU.ActiveCfg = Release|Any CPU
		{81640137-C4D9-410C-BC02-BB1A3B84EE9F}.Release|Any CPU.Build.0 = Release|Any CPU
		{87E64EEA-A40E-45A4-821D-BAEEF604FD84}.Debug|Any CPU.ActiveCfg = Debug|Any CPU
		{87E64EEA-A40E-45A4-821D-BAEEF604FD84}.Debug|Any CPU.Build.0 = Debug|Any CPU
		{87E64EEA-A40E-45A4-821D-BAEEF604FD84}.Release|Any CPU.ActiveCfg = Release|Any CPU
		{87E64EEA-A40E-45A4-821D-BAEEF604FD84}.Release|Any CPU.Build.0 = Release|Any CPU
	EndGlobalSection
	GlobalSection(SolutionProperties) = preSolution
		HideSolutionNode = FALSE
	EndGlobalSection
	GlobalSection(ExtensibilityGlobals) = postSolution
		SolutionGuid = {534F5E7D-3158-4D67-A3D8-1F11E31B0209}
	EndGlobalSection
EndGlobal
