
Microsoft Visual Studio Solution File, Format Version 12.00
# Visual Studio Version 17
VisualStudioVersion = 17.3.32929.385
MinimumVisualStudioVersion = 10.0.40219.1
Project("{9A19103F-16F7-4668-BE54-9A1E7A4F7556}") = "Forms", "Forms.csproj", "{672794B4-3C53-4D19-96EF-D0DCC2772B97}"
EndProject
Project("{FAE04EC0-301F-11D3-BF4B-00C04F79EFBC}") = "DTO", "..\DTO\DTO.csproj", "{81640137-C4D9-410C-BC02-BB1A3B84EE9F}"
EndProject
Project("{FAE04EC0-301F-11D3-BF4B-00C04F79EFBC}") = "BLL", "..\BLL\BLL.csproj", "{F3D88E72-75A0-476E-B7BF-DF11D14D20AD}"
EndProject
Project("{FAE04EC0-301F-11D3-BF4B-00C04F79EFBC}") = "DAL", "..\DAL\DAL.csproj", "{B0282459-1599-4F10-AA5E-995368CF8598}"
EndProject
Global
	GlobalSection(SolutionConfigurationPlatforms) = preSolution
		Debug|Any CPU = Debug|Any CPU
		Release|Any CPU = Release|Any CPU
	EndGlobalSection
	GlobalSection(ProjectConfigurationPlatforms) = postSolution
		{672794B4-3C53-4D19-96EF-D0DCC2772B97}.Debug|Any CPU.ActiveCfg = Debug|Any CPU
		{672794B4-3C53-4D19-96EF-D0DCC2772B97}.Debug|Any CPU.Build.0 = Debug|Any CPU
		{672794B4-3C53-4D19-96EF-D0DCC2772B97}.Release|Any CPU.ActiveCfg = Release|Any CPU
		{672794B4-3C53-4D19-96EF-D0DCC2772B97}.Release|Any CPU.Build.0 = Release|Any CPU
		{81640137-C4D9-410C-BC02-BB1A3B84EE9F}.Debug|Any CPU.ActiveCfg = Debug|Any CPU
		{81640137-C4D9-410C-BC02-BB1A3B84EE9F}.Debug|Any CPU.Build.0 = Debug|Any CPU
		{81640137-C4D9-410C-BC02-BB1A3B84EE9F}.Release|Any CPU.ActiveCfg = Release|Any CPU
		{81640137-C4D9-410C-BC02-BB1A3B84EE9F}.Release|Any CPU.Build.0 = Release|Any CPU
		{F3D88E72-75A0-476E-B7BF-DF11D14D20AD}.Debug|Any CPU.ActiveCfg = Debug|Any CPU
		{F3D88E72-75A0-476E-B7BF-DF11D14D20AD}.Debug|Any CPU.Build.0 = Debug|Any CPU
		{F3D88E72-75A0-476E-B7BF-DF11D14D20AD}.Release|Any CPU.ActiveCfg = Release|Any CPU
		{F3D88E72-75A0-476E-B7BF-DF11D14D20AD}.Release|Any CPU.Build.0 = Release|Any CPU
		{B0282459-1599-4F10-AA5E-995368CF8598}.Debug|Any CPU.ActiveCfg = Debug|Any CPU
		{B0282459-1599-4F10-AA5E-995368CF8598}.Debug|Any CPU.Build.0 = Debug|Any CPU
		{B0282459-1599-4F10-AA5E-995368CF8598}.Release|Any CPU.ActiveCfg = Release|Any CPU
		{B0282459-1599-4F10-AA5E-995368CF8598}.Release|Any CPU.Build.0 = Release|Any CPU
	EndGlobalSection
	GlobalSection(SolutionProperties) = preSolution
		HideSolutionNode = FALSE
	EndGlobalSection
	GlobalSection(ExtensibilityGlobals) = postSolution
		SolutionGuid = {534F5E7D-3158-4D67-A3D8-1F11E31B0209}
	EndGlobalSection
EndGlobal
